# This file was autogenerated by uv via the following command:
#    uv pip compile pyproject.toml --extra dev --python-version 3.12 --output-file requirements-dev.lock
alpaca-py==0.44.0
    # via tlab (pyproject.toml)
annotated-types==0.8.0
    # via pydantic
ast-serialize==0.11.2
    # via mypy
certifi==2026.7.22
    # via requests
cfgv==3.5.0
    # via pre-commit
charset-normalizer==3.5.1
    # via requests
coverage==7.16.1
    # via pytest-cov
distlib==0.4.3
    # via virtualenv
filelock==3.32.7
    # via
    #   python-discovery
    #   virtualenv
identify==2.6.19
    # via pre-commit
idna==3.20
    # via requests
iniconfig==2.3.0
    # via pytest
librt==0.15.0
    # via mypy
msgpack==1.2.2
    # via alpaca-py
mypy==2.3.1
    # via tlab (pyproject.toml)
mypy-extensions==1.1.0
    # via mypy
nodeenv==1.10.0
    # via pre-commit
numpy==2.5.3
    # via pandas
packaging==26.3
    # via pytest
pandas==3.0.6
    # via
    #   tlab (pyproject.toml)
    #   alpaca-py
pathspec==1.1.1
    # via mypy
platformdirs==4.11.11
    # via virtualenv
pluggy==1.6.0
    # via
    #   pytest
    #   pytest-cov
pre-commit==4.6.2
    # via tlab (pyproject.toml)
pyarrow==25.0.1
    # via tlab (pyproject.toml)
pydantic==2.13.5
    # via
    #   tlab (pyproject.toml)
    #   alpaca-py
    #   pydantic-settings
pydantic-core==2.46.5
    # via pydantic
pydantic-settings==2.15.0
    # via tlab (pyproject.toml)
pygments==2.21.0
    # via pytest
pytest==9.1.1
    # via
    #   tlab (pyproject.toml)
    #   pytest-cov
pytest-cov==7.1.0
    # via tlab (pyproject.toml)
python-dateutil==2.9.0.post0
    # via pandas
python-discovery==1.6.1
    # via virtualenv
python-dotenv==1.2.3
    # via pydantic-settings
pytz==2026.3.post1
    # via alpaca-py
pyyaml==6.0.3
    # via
    #   tlab (pyproject.toml)
    #   pre-commit
requests==2.34.2
    # via alpaca-py
ruff==0.16.8
    # via tlab (pyproject.toml)
six==1.17.0
    # via python-dateutil
sseclient-py==1.9.0
    # via alpaca-py
types-pyyaml==6.0.12.20260906
    # via tlab (pyproject.toml)
typing-extensions==4.16.0
    # via
    #   mypy
    #   pydantic
    #   pydantic-core
    #   typing-inspection
typing-inspection==0.4.4
    # via
    #   pydantic
    #   pydantic-settings
urllib3==2.8.0
    # via requests
virtualenv==21.9.0
    # via pre-commit
websockets==17.1
    # via alpaca-py
